
Microsoft Visual Studio Solution File, Format Version 12.00
# Visual Studio Version 17
VisualStudioVersion = 17.8.34511.84
MinimumVisualStudioVersion = 10.0.40219.1
Project("{FAE04EC0-301F-11D3-BF4B-00C04F79EFBC}") = "SIMDCollision", "SIMDCollision.csproj", "{7BB23861-7FD3-4BFB-B06C-C4053B2CE7F9}"
EndProject
Global
	GlobalSection(SolutionConfigurationPlatforms) = preSolution
		Debug|Any CPU = Debug|Any CPU
		Release|Any CPU = Release|Any CPU
	EndGlobalSection
	GlobalSection(ProjectConfigurationPlatforms) = postSolution
		{7BB23861-7FD3-4BFB-B06C-C4053B2CE7F9}.Debug|Any CPU.ActiveCfg = Debug|Any CPU
		{7BB23861-7FD3-4BFB-B06C-C4053B2CE7F9}.Debug|Any CPU.Build.0 = Debug|Any CPU
		{7BB23861-7FD3-4BFB-B06C-C4053B2CE7F9}.Release|Any CPU.ActiveCfg = Release|Any CPU
		{7BB23861-7FD3-4BFB-B06C-C4053B2CE7F9}.Release|Any CPU.Build.0 = Release|Any CPU
	EndGlobalSection
	GlobalSection(SolutionProperties) = preSolution
		HideSolutionNode = FALSE
	EndGlobalSection
	GlobalSection(ExtensibilityGlobals) = postSolution
		SolutionGuid = {9FDAD15D-B48E-4F23-B181-7F09A4718F96}
	EndGlobalSection
EndGlobal
